// !$*UTF8*$!
{
	archiveVersion = 1;
	classes = {
	};
	objectVersion = 77;
	objects = {

/* Begin PBXBuildFile section */
		8A511CEF2EA179140026FA6A /* MT Watch App.app in Embed Watch Content */ = {isa = PBXBuildFile; fileRef = 8A511CCF2EA179130026FA6A /* MT Watch App.app */; settings = {ATTRIBUTES = (RemoveHeadersOnCopy, ); }; };
/* End PBXBuildFile section */

/* Begin PBXContainerItemProxy section */
		8A511C842EA0162D0026FA6A /* PBXContainerItemProxy */ = {
			isa = PBXContainerItemProxy;
			containerPortal = 8A511C6E2EA0162C0026FA6A /* Project object */;
			proxyType = 1;
			remoteGlobalIDString = 8A511C752EA0162C0026FA6A;
			remoteInfo = "Mileage Tracker";
		};
		8A511C8E2EA0162D0026FA6A /* PBXContainerItemProxy */ = {
			isa = PBXContainerItemProxy;
			containerPortal = 8A511C6E2EA0162C0026FA6A /* Project object */;
			proxyType = 1;
			remoteGlobalIDString = 8A511C752EA0162C0026FA6A;
			remoteInfo = "Mileage Tracker";
		};
		8A511CDC2EA179140026FA6A /* PBXContainerItemProxy */ = {
			isa = PBXContainerItemProxy;
			containerPortal = 8A511C6E2EA0162C0026FA6A /* Project object */;
			proxyType = 1;
			remoteGlobalIDString = 8A511CCE2EA179130026FA6A;
			remoteInfo = "MT Watch App";
		};
		8A511CE62EA179140026FA6A /* PBXContainerItemProxy */ = {
			isa = PBXContainerItemProxy;
			containerPortal = 8A511C6E2EA0162C0026FA6A /* Project object */;
			proxyType = 1;
			remoteGlobalIDString = 8A511CCE2EA179130026FA6A;
			remoteInfo = "MT Watch App";
		};
		8A511CED2EA179140026FA6A /* PBXContainerItemProxy */ = {
			isa = PBXContainerItemProxy;
			containerPortal = 8A511C6E2EA0162C0026FA6A /* Project object */;
			proxyType = 1;
			remoteGlobalIDString = 8A511CCE2EA179130026FA6A;
			remoteInfo = "MT Watch App";
		};
/* End PBXContainerItemProxy section */

/* Begin PBXCopyFilesBuildPhase section */
		8A511CF32EA179140026FA6A /* Embed Watch Content */ = {
			isa = PBXCopyFilesBuildPhase;
			buildActionMask = 2147483647;
			dstPath = "$(CONTENTS_FOLDER_PATH)/Watch";
			dstSubfolderSpec = 16;
			files = (
				8A511CEF2EA179140026FA6A /* MT Watch App.app in Embed Watch Content */,
			);
			name = "Embed Watch Content";
			runOnlyForDeploymentPostprocessing = 0;
		};
/* End PBXCopyFilesBuildPhase section */

/* Begin PBXFileReference section */
		8A511C762EA0162C0026FA6A /* Mileage Tracker.app */ = {isa = PBXFileReference; explicitFileType = wrapper.application; includeInIndex = 0; path = "Mileage Tracker.app"; sourceTree = BUILT_PRODUCTS_DIR; };
		8A511C832EA0162D0026FA6A /* Mileage TrackerTests.xctest */ = {isa = PBXFileReference; explicitFileType = wrapper.cfbundle; includeInIndex = 0; path = "Mileage TrackerTests.xctest"; sourceTree = BUILT_PRODUCTS_DIR; };
		8A511C8D2EA0162D0026FA6A /* Mileage TrackerUITests.xctest */ = {isa = PBXFileReference; explicitFileType = wrapper.cfbundle; includeInIndex = 0; path = "Mileage TrackerUITests.xctest"; sourceTree = BUILT_PRODUCTS_DIR; };
		8A511CCF2EA179130026FA6A /* MT Watch App.app */ = {isa = PBXFileReference; explicitFileType = wrapper.application; includeInIndex = 0; path = "MT Watch App.app"; sourceTree = BUILT_PRODUCTS_DIR; };
		8A511CDB2EA179140026FA6A /* MT Watch AppTests.xctest */ = {isa = PBXFileReference; explicitFileType = wrapper.cfbundle; includeInIndex = 0; path = "MT Watch AppTests.xctest"; sourceTree = BUILT_PRODUCTS_DIR; };
		8A511CE52EA179140026FA6A /* MT Watch AppUITests.xctest */ = {isa = PBXFileReference; explicitFileType = wrapper.cfbundle; includeInIndex = 0; path = "MT Watch AppUITests.xctest"; sourceTree = BUILT_PRODUCTS_DIR; };
/* End PBXFileReference section */

/* Begin PBXFileSystemSynchronizedBuildFileExceptionSet section */
		8A511CFB2EA17B740026FA6A /* Exceptions for "Mileage Tracker" folder in "MT Watch App" target */ = {
			isa = PBXFileSystemSynchronizedBuildFileExceptionSet;
			membershipExceptions = (
				Models/LocationRecordingController.swift,
				Models/Trip.swift,
				Models/TripPoint.swift,
				Services/RouteDistanceCalculator.swift,
				Store/MileageStore.swift,
				UI/LocationManager.swift,
			);
			target = 8A511CCE2EA179130026FA6A /* MT Watch App */;
		};
/* End PBXFileSystemSynchronizedBuildFileExceptionSet section */

/* Begin PBXFileSystemSynchronizedRootGroup section */
		8A511C782EA0162C0026FA6A /* Mileage Tracker */ = {
			isa = PBXFileSystemSynchronizedRootGroup;
			exceptions = (
				8A511CFB2EA17B740026FA6A /* Exceptions for "Mileage Tracker" folder in "MT Watch App" target */,
			);
			path = "Mileage Tracker";
			sourceTree = "<group>";
		};
		8A511C862EA0162D0026FA6A /* Mileage TrackerTests */ = {
			isa = PBXFileSystemSynchronizedRootGroup;
			path = "Mileage TrackerTests";
			sourceTree = "<group>";
		};
		8A511C902EA0162D0026FA6A /* Mileage TrackerUITests */ = {
			isa = PBXFileSystemSynchronizedRootGroup;
			path = "Mileage TrackerUITests";
			sourceTree = "<group>";
		};
		8A511CD02EA179130026FA6A /* MT Watch App */ = {
			isa = PBXFileSystemSynchronizedRootGroup;
			path = "MT Watch App";
			sourceTree = "<group>";
		};
		8A511CDE2EA179140026FA6A /* MT Watch AppTests */ = {
			isa = PBXFileSystemSynchronizedRootGroup;
			path = "MT Watch AppTests";
			sourceTree = "<group>";
		};
		8A511CE82EA179140026FA6A /* MT Watch AppUITests */ = {
			isa = PBXFileSystemSynchronizedRootGroup;
			path = "MT Watch AppUITests";
			sourceTree = "<group>";
		};
/* End PBXFileSystemSynchronizedRootGroup section */

/* Begin PBXFrameworksBuildPhase section */
		8A511C732EA0162C0026FA6A /* Frameworks */ = {
			isa = PBXFrameworksBuildPhase;
			buildActionMask = 2147483647;
			files = (
			);
			runOnlyForDeploymentPostprocessing = 0;
		};
		8A511C802EA0162D0026FA6A /* Frameworks */ = {
			isa = PBXFrameworksBuildPhase;
			buildActionMask = 2147483647;
			files = (
			);
			runOnlyForDeploymentPostprocessing = 0;
		};
		8A511C8A2EA0162D0026FA6A /* Frameworks */ = {
			isa = PBXFrameworksBuildPhase;
			buildActionMask = 2147483647;
			files = (
			);
			runOnlyForDeploymentPostprocessing = 0;
		};
		8A511CCC2EA179130026FA6A /* Frameworks */ = {
			isa = PBXFrameworksBuildPhase;
			buildActionMask = 2147483647;
			files = (
			);
			runOnlyForDeploymentPostprocessing = 0;
		};
		8A511CD82EA179140026FA6A /* Frameworks */ = {
			isa = PBXFrameworksBuildPhase;
			buildActionMask = 2147483647;
			files = (
			);
			runOnlyForDeploymentPostprocessing = 0;
		};
		8A511CE22EA179140026FA6A /* Frameworks */ = {
			isa = PBXFrameworksBuildPhase;
			buildActionMask = 2147483647;
			files = (
			);
			runOnlyForDeploymentPostprocessing = 0;
		};
/* End PBXFrameworksBuildPhase section */

/* Begin PBXGroup section */
		8A511C6D2EA0162C0026FA6A = {
			isa = PBXGroup;
			children = (
				8A511C782EA0162C0026FA6A /* Mileage Tracker */,
				8A511C862EA0162D0026FA6A /* Mileage TrackerTests */,
				8A511C902EA0162D0026FA6A /* Mileage TrackerUITests */,
				8A511CD02EA179130026FA6A /* MT Watch App */,
				8A511CDE2EA179140026FA6A /* MT Watch AppTests */,
				8A511CE82EA179140026FA6A /* MT Watch AppUITests */,
				8A511C772EA0162C0026FA6A /* Products */,
			);
			sourceTree = "<group>";
		};
		8A511C772EA0162C0026FA6A /* Products */ = {
			isa = PBXGroup;
			children = (
				8A511C762EA0162C0026FA6A /* Mileage Tracker.app */,
				8A511C832EA0162D0026FA6A /* Mileage TrackerTests.xctest */,
				8A511C8D2EA0162D0026FA6A /* Mileage TrackerUITests.xctest */,
				8A511CCF2EA179130026FA6A /* MT Watch App.app */,
				8A511CDB2EA179140026FA6A /* MT Watch AppTests.xctest */,
				8A511CE52EA179140026FA6A /* MT Watch AppUITests.xctest */,
			);
			name = Products;
			sourceTree = "<group>";
		};
/* End PBXGroup section */

/* Begin PBXNativeTarget section */
		8A511C752EA0162C0026FA6A /* Mileage Tracker */ = {
			isa = PBXNativeTarget;
			buildConfigurationList = 8A511C972EA0162D0026FA6A /* Build configuration list for PBXNativeTarget "Mileage Tracker" */;
			buildPhases = (
				8A511C722EA0162C0026FA6A /* Sources */,
				8A511C732EA0162C0026FA6A /* Frameworks */,
				8A511C742EA0162C0026FA6A /* Resources */,
				8A511CF32EA179140026FA6A /* Embed Watch Content */,
			);
			buildRules = (
			);
			dependencies = (
				8A511CEE2EA179140026FA6A /* PBXTargetDependency */,
			);
			fileSystemSynchronizedGroups = (
				8A511C782EA0162C0026FA6A /* Mileage Tracker */,
			);
			name = "Mileage Tracker";
			packageProductDependencies = (
			);
			productName = "Mileage Tracker";
			productReference = 8A511C762EA0162C0026FA6A /* Mileage Tracker.app */;
			productType = "com.apple.product-type.application";
		};
		8A511C822EA0162D0026FA6A /* Mileage TrackerTests */ = {
			isa = PBXNativeTarget;
			buildConfigurationList = 8A511C9A2EA0162D0026FA6A /* Build configuration list for PBXNativeTarget "Mileage TrackerTests" */;
			buildPhases = (
				8A511C7F2EA0162D0026FA6A /* Sources */,
				8A511C802EA0162D0026FA6A /* Frameworks */,
				8A511C812EA0162D0026FA6A /* Resources */,
			);
			buildRules = (
			);
			dependencies = (
				8A511C852EA0162D0026FA6A /* PBXTargetDependency */,
			);
			fileSystemSynchronizedGroups = (
				8A511C862EA0162D0026FA6A /* Mileage TrackerTests */,
			);
			name = "Mileage TrackerTests";
			packageProductDependencies = (
			);
			productName = "Mileage TrackerTests";
			productReference = 8A511C832EA0162D0026FA6A /* Mileage TrackerTests.xctest */;
			productType = "com.apple.product-type.bundle.unit-test";
		};
		8A511C8C2EA0162D0026FA6A /* Mileage TrackerUITests */ = {
			isa = PBXNativeTarget;
			buildConfigurationList = 8A511C9D2EA0162D0026FA6A /* Build configuration list for PBXNativeTarget "Mileage TrackerUITests" */;
			buildPhases = (
				8A511C892EA0162D0026FA6A /* Sources */,
				8A511C8A2EA0162D0026FA6A /* Frameworks */,
				8A511C8B2EA0162D0026FA6A /* Resources */,
			);
			buildRules = (
			);
			dependencies = (
				8A511C8F2EA0162D0026FA6A /* PBXTargetDependency */,
			);
			fileSystemSynchronizedGroups = (
				8A511C902EA0162D0026FA6A /* Mileage TrackerUITests */,
			);
			name = "Mileage TrackerUITests";
			packageProductDependencies = (
			);
			productName = "Mileage TrackerUITests";
			productReference = 8A511C8D2EA0162D0026FA6A /* Mileage TrackerUITests.xctest */;
			productType = "com.apple.product-type.bundle.ui-testing";
		};
		8A511CCE2EA179130026FA6A /* MT Watch App */ = {
			isa = PBXNativeTarget;
			buildConfigurationList = 8A511CF02EA179140026FA6A /* Build configuration list for PBXNativeTarget "MT Watch App" */;
			buildPhases = (
				8A511CCB2EA179130026FA6A /* Sources */,
				8A511CCC2EA179130026FA6A /* Frameworks */,
				8A511CCD2EA179130026FA6A /* Resources */,
			);
			buildRules = (
			);
			dependencies = (
			);
			fileSystemSynchronizedGroups = (
				8A511CD02EA179130026FA6A /* MT Watch App */,
			);
			name = "MT Watch App";
			packageProductDependencies = (
			);
			productName = "MT Watch App";
			productReference = 8A511CCF2EA179130026FA6A /* MT Watch App.app */;
			productType = "com.apple.product-type.application";
		};
		8A511CDA2EA179140026FA6A /* MT Watch AppTests */ = {
			isa = PBXNativeTarget;
			buildConfigurationList = 8A511CF42EA179140026FA6A /* Build configuration list for PBXNativeTarget "MT Watch AppTests" */;
			buildPhases = (
				8A511CD72EA179140026FA6A /* Sources */,
				8A511CD82EA179140026FA6A /* Frameworks */,
				8A511CD92EA179140026FA6A /* Resources */,
			);
			buildRules = (
			);
			dependencies = (
				8A511CDD2EA179140026FA6A /* PBXTargetDependency */,
			);
			fileSystemSynchronizedGroups = (
				8A511CDE2EA179140026FA6A /* MT Watch AppTests */,
			);
			name = "MT Watch AppTests";
			packageProductDependencies = (
			);
			productName = "MT Watch AppTests";
			productReference = 8A511CDB2EA179140026FA6A /* MT Watch AppTests.xctest */;
			productType = "com.apple.product-type.bundle.unit-test";
		};
		8A511CE42EA179140026FA6A /* MT Watch AppUITests */ = {
			isa = PBXNativeTarget;
			buildConfigurationList = 8A511CF72EA179140026FA6A /* Build configuration list for PBXNativeTarget "MT Watch AppUITests" */;
			buildPhases = (
				8A511CE12EA179140026FA6A /* Sources */,
				8A511CE22EA179140026FA6A /* Frameworks */,
				8A511CE32EA179140026FA6A /* Resources */,
			);
			buildRules = (
			);
			dependencies = (
				8A511CE72EA179140026FA6A /* PBXTargetDependency */,
			);
			fileSystemSynchronizedGroups = (
				8A511CE82EA179140026FA6A /* MT Watch AppUITests */,
			);
			name = "MT Watch AppUITests";
			packageProductDependencies = (
			);
			productName = "MT Watch AppUITests";
			productReference = 8A511CE52EA179140026FA6A /* MT Watch AppUITests.xctest */;
			productType = "com.apple.product-type.bundle.ui-testing";
		};
/* End PBXNativeTarget section */

/* Begin PBXProject section */
		8A511C6E2EA0162C0026FA6A /* Project object */ = {
			isa = PBXProject;
			attributes = {
				BuildIndependentTargetsInParallel = 1;
				LastSwiftUpdateCheck = 2600;
				LastUpgradeCheck = 2600;
				TargetAttributes = {
					8A511C752EA0162C0026FA6A = {
						CreatedOnToolsVersion = 26.0.1;
					};
					8A511C822EA0162D0026FA6A = {
						CreatedOnToolsVersion = 26.0.1;
						TestTargetID = 8A511C752EA0162C0026FA6A;
					};
					8A511C8C2EA0162D0026FA6A = {
						CreatedOnToolsVersion = 26.0.1;
						TestTargetID = 8A511C752EA0162C0026FA6A;
					};
					8A511CCE2EA179130026FA6A = {
						CreatedOnToolsVersion = 26.0.1;
					};
					8A511CDA2EA179140026FA6A = {
						CreatedOnToolsVersion = 26.0.1;
						TestTargetID = 8A511CCE2EA179130026FA6A;
					};
					8A511CE42EA179140026FA6A = {
						CreatedOnToolsVersion = 26.0.1;
						TestTargetID = 8A511CCE2EA179130026FA6A;
					};
				};
			};
			buildConfigurationList = 8A511C712EA0162C0026FA6A /* Build configuration list for PBXProject "Mileage Tracker" */;
			developmentRegion = en;
			hasScannedForEncodings = 0;
			knownRegions = (
				en,
				Base,
			);
			mainGroup = 8A511C6D2EA0162C0026FA6A;
			minimizedProjectReferenceProxies = 1;
			preferredProjectObjectVersion = 77;
			productRefGroup = 8A511C772EA0162C0026FA6A /* Products */;
			projectDirPath = "";
			projectRoot = "";
			targets = (
				8A511C752EA0162C0026FA6A /* Mileage Tracker */,
				8A511C822EA0162D0026FA6A /* Mileage TrackerTests */,
				8A511C8C2EA0162D0026FA6A /* Mileage TrackerUITests */,
				8A511CCE2EA179130026FA6A /* MT Watch App */,
				8A511CDA2EA179140026FA6A /* MT Watch AppTests */,
				8A511CE42EA179140026FA6A /* MT Watch AppUITests */,
			);
		};
/* End PBXProject section */

/* Begin PBXResourcesBuildPhase section */
		8A511C742EA0162C0026FA6A /* Resources */ = {
			isa = PBXResourcesBuildPhase;
			buildActionMask = 2147483647;
			files = (
			);
			runOnlyForDeploymentPostprocessing = 0;
		};
		8A511C812EA0162D0026FA6A /* Resources */ = {
			isa = PBXResourcesBuildPhase;
			buildActionMask = 2147483647;
			files = (
			);
			runOnlyForDeploymentPostprocessing = 0;
		};
		8A511C8B2EA0162D0026FA6A /* Resources */ = {
			isa = PBXResourcesBuildPhase;
			buildActionMask = 2147483647;
			files = (
			);
			runOnlyForDeploymentPostprocessing = 0;
		};
		8A511CCD2EA179130026FA6A /* Resources */ = {
			isa = PBXResourcesBuildPhase;
			buildActionMask = 2147483647;
			files = (
			);
			runOnlyForDeploymentPostprocessing = 0;
		};
		8A511CD92EA179140026FA6A /* Resources */ = {
			isa = PBXResourcesBuildPhase;
			buildActionMask = 2147483647;
			files = (
			);
			runOnlyForDeploymentPostprocessing = 0;
		};
		8A511CE32EA179140026FA6A /* Resources */ = {
			isa = PBXResourcesBuildPhase;
			buildActionMask = 2147483647;
			files = (
			);
			runOnlyForDeploymentPostprocessing = 0;
		};
/* End PBXResourcesBuildPhase section */

/* Begin PBXSourcesBuildPhase section */
		8A511C722EA0162C0026FA6A /* Sources */ = {
			isa = PBXSourcesBuildPhase;
			buildActionMask = 2147483647;
			files = (
			);
			runOnlyForDeploymentPostprocessing = 0;
		};
		8A511C7F2EA0162D0026FA6A /* Sources */ = {
			isa = PBXSourcesBuildPhase;
			buildActionMask = 2147483647;
			files = (
			);
			runOnlyForDeploymentPostprocessing = 0;
		};
		8A511C892EA0162D0026FA6A /* Sources */ = {
			isa = PBXSourcesBuildPhase;
			buildActionMask = 2147483647;
			files = (
			);
			runOnlyForDeploymentPostprocessing = 0;
		};
		8A511CCB2EA179130026FA6A /* Sources */ = {
			isa = PBXSourcesBuildPhase;
			buildActionMask = 2147483647;
			files = (
			);
			runOnlyForDeploymentPostprocessing = 0;
		};
		8A511CD72EA179140026FA6A /* Sources */ = {
			isa = PBXSourcesBuildPhase;
			buildActionMask = 2147483647;
			files = (
			);
			runOnlyForDeploymentPostprocessing = 0;
		};
		8A511CE12EA179140026FA6A /* Sources */ = {
			isa = PBXSourcesBuildPhase;
			buildActionMask = 2147483647;
			files = (
			);
			runOnlyForDeploymentPostprocessing = 0;
		};
/* End PBXSourcesBuildPhase section */

/* Begin PBXTargetDependency section */
		8A511C852EA0162D0026FA6A /* PBXTargetDependency */ = {
			isa = PBXTargetDependency;
			target = 8A511C752EA0162C0026FA6A /* Mileage Tracker */;
			targetProxy = 8A511C842EA0162D0026FA6A /* PBXContainerItemProxy */;
		};
		8A511C8F2EA0162D0026FA6A /* PBXTargetDependency */ = {
			isa = PBXTargetDependency;
			target = 8A511C752EA0162C0026FA6A /* Mileage Tracker */;
			targetProxy = 8A511C8E2EA0162D0026FA6A /* PBXContainerItemProxy */;
		};
		8A511CDD2EA179140026FA6A /* PBXTargetDependency */ = {
			isa = PBXTargetDependency;
			target = 8A511CCE2EA179130026FA6A /* MT Watch App */;
			targetProxy = 8A511CDC2EA179140026FA6A /* PBXContainerItemProxy */;
		};
		8A511CE72EA179140026FA6A /* PBXTargetDependency */ = {
			isa = PBXTargetDependency;
			target = 8A511CCE2EA179130026FA6A /* MT Watch App */;
			targetProxy = 8A511CE62EA179140026FA6A /* PBXContainerItemProxy */;
		};
		8A511CEE2EA179140026FA6A /* PBXTargetDependency */ = {
			isa = PBXTargetDependency;
			target = 8A511CCE2EA179130026FA6A /* MT Watch App */;
			targetProxy = 8A511CED2EA179140026FA6A /* PBXContainerItemProxy */;
		};
/* End PBXTargetDependency section */

/* Begin XCBuildConfiguration section */
		8A511C952EA0162D0026FA6A /* Debug */ = {
			isa = XCBuildConfiguration;
			buildSettings = {
				ALWAYS_SEARCH_USER_PATHS = NO;
				ASSETCATALOG_COMPILER_GENERATE_SWIFT_ASSET_SYMBOL_EXTENSIONS = YES;
				CLANG_ANALYZER_NONNULL = YES;
				CLANG_ANALYZER_NUMBER_OBJECT_CONVERSION = YES_AGGRESSIVE;
				CLANG_CXX_LANGUAGE_STANDARD = "gnu++20";
				CLANG_ENABLE_MODULES = YES;
				CLANG_ENABLE_OBJC_ARC = YES;
				CLANG_ENABLE_OBJC_WEAK = YES;
				CLANG_WARN_BLOCK_CAPTURE_AUTORELEASING = YES;
				CLANG_WARN_BOOL_CONVERSION = YES;
				CLANG_WARN_COMMA = YES;
				CLANG_WARN_CONSTANT_CONVERSION = YES;
				CLANG_WARN_DEPRECATED_OBJC_IMPLEMENTATIONS = YES;
				CLANG_WARN_DIRECT_OBJC_ISA_USAGE = YES_ERROR;
				CLANG_WARN_DOCUMENTATION_COMMENTS = YES;
				CLANG_WARN_EMPTY_BODY = YES;
				CLANG_WARN_ENUM_CONVERSION = YES;
				CLANG_WARN_INFINITE_RECURSION = YES;
				CLANG_WARN_INT_CONVERSION = YES;
				CLANG_WARN_NON_LITERAL_NULL_CONVERSION = YES;
				CLANG_WARN_OBJC_IMPLICIT_RETAIN_SELF = YES;
				CLANG_WARN_OBJC_LITERAL_CONVERSION = YES;
				CLANG_WARN_OBJC_ROOT_CLASS = YES_ERROR;
				CLANG_WARN_QUOTED_INCLUDE_IN_FRAMEWORK_HEADER = YES;
				CLANG_WARN_RANGE_LOOP_ANALYSIS = YES;
				CLANG_WARN_STRICT_PROTOTYPES = YES;
				CLANG_WARN_SUSPICIOUS_MOVE = YES;
				CLANG_WARN_UNGUARDED_AVAILABILITY = YES_AGGRESSIVE;
				CLANG_WARN_UNREACHABLE_CODE = YES;
				CLANG_WARN__DUPLICATE_METHOD_MATCH = YES;
				COPY_PHASE_STRIP = NO;
				DEBUG_INFORMATION_FORMAT = dwarf;
				ENABLE_STRICT_OBJC_MSGSEND = YES;
				ENABLE_TESTABILITY = YES;
				ENABLE_USER_SCRIPT_SANDBOXING = YES;
				GCC_C_LANGUAGE_STANDARD = gnu17;
				GCC_DYNAMIC_NO_PIC = NO;
				GCC_NO_COMMON_BLOCKS = YES;
				GCC_OPTIMIZATION_LEVEL = 0;
				GCC_PREPROCESSOR_DEFINITIONS = (
					"DEBUG=1",
					"$(inherited)",
				);
				GCC_WARN_64_TO_32_BIT_CONVERSION = YES;
				GCC_WARN_ABOUT_RETURN_TYPE = YES_ERROR;
				GCC_WARN_UNDECLARED_SELECTOR = YES;
				GCC_WARN_UNINITIALIZED_AUTOS = YES_AGGRESSIVE;
				GCC_WARN_UNUSED_FUNCTION = YES;
				GCC_WARN_UNUSED_VARIABLE = YES;
				IPHONEOS_DEPLOYMENT_TARGET = 26.0;
				LOCALIZATION_PREFERS_STRING_CATALOGS = YES;
				MTL_ENABLE_DEBUG_INFO = INCLUDE_SOURCE;
				MTL_FAST_MATH = YES;
				ONLY_ACTIVE_ARCH = YES;
				SDKROOT = iphoneos;
				SWIFT_ACTIVE_COMPILATION_CONDITIONS = "DEBUG $(inherited)";
				SWIFT_OPTIMIZATION_LEVEL = "-Onone";
			};
			name = Debug;
		};
		8A511C962EA0162D0026FA6A /* Release */ = {
			isa = XCBuildConfiguration;
			buildSettings = {
				ALWAYS_SEARCH_USER_PATHS = NO;
				ASSETCATALOG_COMPILER_GENERATE_SWIFT_ASSET_SYMBOL_EXTENSIONS = YES;
				CLANG_ANALYZER_NONNULL = YES;
				CLANG_ANALYZER_NUMBER_OBJECT_CONVERSION = YES_AGGRESSIVE;
				CLANG_CXX_LANGUAGE_STANDARD = "gnu++20";
				CLANG_ENABLE_MODULES = YES;
				CLANG_ENABLE_OBJC_ARC = YES;
				CLANG_ENABLE_OBJC_WEAK = YES;
				CLANG_WARN_BLOCK_CAPTURE_AUTORELEASING = YES;
				CLANG_WARN_BOOL_CONVERSION = YES;
				CLANG_WARN_COMMA = YES;
				CLANG_WARN_CONSTANT_CONVERSION = YES;
				CLANG_WARN_DEPRECATED_OBJC_IMPLEMENTATIONS = YES;
				CLANG_WARN_DIRECT_OBJC_ISA_USAGE = YES_ERROR;
				CLANG_WARN_DOCUMENTATION_COMMENTS = YES;
				CLANG_WARN_EMPTY_BODY = YES;
				CLANG_WARN_ENUM_CONVERSION = YES;
				CLANG_WARN_INFINITE_RECURSION = YES;
				CLANG_WARN_INT_CONVERSION = YES;
				CLANG_WARN_NON_LITERAL_NULL_CONVERSION = YES;
				CLANG_WARN_OBJC_IMPLICIT_RETAIN_SELF = YES;
				CLANG_WARN_OBJC_LITERAL_CONVERSION = YES;
				CLANG_WARN_OBJC_ROOT_CLASS = YES_ERROR;
				CLANG_WARN_QUOTED_INCLUDE_IN_FRAMEWORK_HEADER = YES;
				CLANG_WARN_RANGE_LOOP_ANALYSIS = YES;
				CLANG_WARN_STRICT_PROTOTYPES = YES;
				CLANG_WARN_SUSPICIOUS_MOVE = YES;
				CLANG_WARN_UNGUARDED_AVAILABILITY = YES_AGGRESSIVE;
				CLANG_WARN_UNREACHABLE_CODE = YES;
				CLANG_WARN__DUPLICATE_METHOD_MATCH = YES;
				COPY_PHASE_STRIP = NO;
				DEBUG_INFORMATION_FORMAT = "dwarf-with-dsym";
				ENABLE_NS_ASSERTIONS = NO;
				ENABLE_STRICT_OBJC_MSGSEND = YES;
				ENABLE_USER_SCRIPT_SANDBOXING = YES;
				GCC_C_LANGUAGE_STANDARD = gnu17;
				GCC_NO_COMMON_BLOCKS = YES;
				GCC_WARN_64_TO_32_BIT_CONVERSION = YES;
				GCC_WARN_ABOUT_RETURN_TYPE = YES_ERROR;
				GCC_WARN_UNDECLARED_SELECTOR = YES;
				GCC_WARN_UNINITIALIZED_AUTOS = YES_AGGRESSIVE;
				GCC_WARN_UNUSED_FUNCTION = YES;
				GCC_WARN_UNUSED_VARIABLE = YES;
				IPHONEOS_DEPLOYMENT_TARGET = 26.0;
				LOCALIZATION_PREFERS_STRING_CATALOGS = YES;
				MTL_ENABLE_DEBUG_INFO = NO;
				MTL_FAST_MATH = YES;
				ONLY_ACTIVE_ARCH = YES;
				SDKROOT = iphoneos;
				SWIFT_COMPILATION_MODE = wholemodule;
				VALIDATE_PRODUCT = YES;
			};
			name = Release;
		};
		8A511C982EA0162D0026FA6A /* Debug */ = {
			isa = XCBuildConfiguration;
			buildSettings = {
				ASSETCATALOG_COMPILER_APPICON_NAME = AppIcon;
				ASSETCATALOG_COMPILER_GLOBAL_ACCENT_COLOR_NAME = AccentColor;
				CODE_SIGN_STYLE = Automatic;
				CURRENT_PROJECT_VERSION = 1;
				DEVELOPMENT_TEAM = 6Z7K2562FS;
				ENABLE_PREVIEWS = YES;
				GENERATE_INFOPLIST_FILE = YES;
				INFOPLIST_KEY_NSLocationWhenInUseUsageDescription = "This app uses your location only when you tap Set Start Location or Set End Location to tag a trip.";
				INFOPLIST_KEY_UIApplicationSceneManifest_Generation = YES;
				INFOPLIST_KEY_UIApplicationSupportsIndirectInputEvents = YES;
				INFOPLIST_KEY_UILaunchScreen_Generation = YES;
				INFOPLIST_KEY_UISupportedInterfaceOrientations_iPad = "UIInterfaceOrientationPortrait UIInterfaceOrientationPortraitUpsideDown UIInterfaceOrientationLandscapeLeft UIInterfaceOrientationLandscapeRight";
				INFOPLIST_KEY_UISupportedInterfaceOrientations_iPhone = "UIInterfaceOrientationPortrait UIInterfaceOrientationLandscapeLeft UIInterfaceOrientationLandscapeRight";
				LD_RUNPATH_SEARCH_PATHS = (
					"$(inherited)",
					"@executable_path/Frameworks",
				);
				MARKETING_VERSION = 1.0;
				PRODUCT_BUNDLE_IDENTIFIER = "com.mcalj.Mileage-Tracker";
				PRODUCT_NAME = "$(TARGET_NAME)";
				STRING_CATALOG_GENERATE_SYMBOLS = YES;
				SWIFT_APPROACHABLE_CONCURRENCY = YES;
				SWIFT_DEFAULT_ACTOR_ISOLATION = MainActor;
				SWIFT_EMIT_LOC_STRINGS = YES;
				SWIFT_UPCOMING_FEATURE_MEMBER_IMPORT_VISIBILITY = YES;
				SWIFT_VERSION = 5.0;
				TARGETED_DEVICE_FAMILY = "1,2";
			};
			name = Debug;
		};
		8A511C992EA0162D0026FA6A /* Release */ = {
			isa = XCBuildConfiguration;
			buildSettings = {
				ASSETCATALOG_COMPILER_APPICON_NAME = AppIcon;
				ASSETCATALOG_COMPILER_GLOBAL_ACCENT_COLOR_NAME = AccentColor;
				CODE_SIGN_STYLE = Automatic;
				CURRENT_PROJECT_VERSION = 1;
				DEVELOPMENT_TEAM = 6Z7K2562FS;
				ENABLE_PREVIEWS = YES;
				GENERATE_INFOPLIST_FILE = YES;
				INFOPLIST_KEY_NSLocationWhenInUseUsageDescription = "This app uses your location only when you tap Set Start Location or Set End Location to tag a trip.";
				INFOPLIST_KEY_UIApplicationSceneManifest_Generation = YES;
				INFOPLIST_KEY_UIApplicationSupportsIndirectInputEvents = YES;
				INFOPLIST_KEY_UILaunchScreen_Generation = YES;
				INFOPLIST_KEY_UISupportedInterfaceOrientations_iPad = "UIInterfaceOrientationPortrait UIInterfaceOrientationPortraitUpsideDown UIInterfaceOrientationLandscapeLeft UIInterfaceOrientationLandscapeRight";
				INFOPLIST_KEY_UISupportedInterfaceOrientations_iPhone = "UIInterfaceOrientationPortrait UIInterfaceOrientationLandscapeLeft UIInterfaceOrientationLandscapeRight";
				LD_RUNPATH_SEARCH_PATHS = (
					"$(inherited)",
					"@executable_path/Frameworks",
				);
				MARKETING_VERSION = 1.0;
				PRODUCT_BUNDLE_IDENTIFIER = "com.mcalj.Mileage-Tracker";
				PRODUCT_NAME = "$(TARGET_NAME)";
				STRING_CATALOG_GENERATE_SYMBOLS = YES;
				SWIFT_APPROACHABLE_CONCURRENCY = YES;
				SWIFT_DEFAULT_ACTOR_ISOLATION = MainActor;
				SWIFT_EMIT_LOC_STRINGS = YES;
				SWIFT_UPCOMING_FEATURE_MEMBER_IMPORT_VISIBILITY = YES;
				SWIFT_VERSION = 5.0;
				TARGETED_DEVICE_FAMILY = "1,2";
			};
			name = Release;
		};
		8A511C9B2EA0162D0026FA6A /* Debug */ = {
			isa = XCBuildConfiguration;
			buildSettings = {
				BUNDLE_LOADER = "$(TEST_HOST)";
				"CODE_SIGN_IDENTITY[sdk=macosx*]" = "-";
				CODE_SIGN_STYLE = Automatic;
				CURRENT_PROJECT_VERSION = 1;
				DEVELOPMENT_TEAM = 6Z7K2562FS;
				GENERATE_INFOPLIST_FILE = YES;
				IPHONEOS_DEPLOYMENT_TARGET = 26.0;
				MARKETING_VERSION = 1.0;
				PRODUCT_BUNDLE_IDENTIFIER = "com.mcalj.Mileage-TrackerTests";
				PRODUCT_NAME = "$(TARGET_NAME)";
				STRING_CATALOG_GENERATE_SYMBOLS = NO;
				SWIFT_APPROACHABLE_CONCURRENCY = YES;
				SWIFT_EMIT_LOC_STRINGS = NO;
				SWIFT_UPCOMING_FEATURE_MEMBER_IMPORT_VISIBILITY = YES;
				SWIFT_VERSION = 5.0;
				TARGETED_DEVICE_FAMILY = "1,2";
				TEST_HOST = "$(BUILT_PRODUCTS_DIR)/Mileage Tracker.app/$(BUNDLE_EXECUTABLE_FOLDER_PATH)/Mileage Tracker";
			};
			name = Debug;
		};
		8A511C9C2EA0162D0026FA6A /* Release */ = {
			isa = XCBuildConfiguration;
			buildSettings = {
				BUNDLE_LOADER = "$(TEST_HOST)";
				"CODE_SIGN_IDENTITY[sdk=macosx*]" = "-";
				CODE_SIGN_STYLE = Automatic;
				CURRENT_PROJECT_VERSION = 1;
				DEVELOPMENT_TEAM = 6Z7K2562FS;
				GENERATE_INFOPLIST_FILE = YES;
				IPHONEOS_DEPLOYMENT_TARGET = 26.0;
				MARKETING_VERSION = 1.0;
				PRODUCT_BUNDLE_IDENTIFIER = "com.mcalj.Mileage-TrackerTests";
				PRODUCT_NAME = "$(TARGET_NAME)";
				STRING_CATALOG_GENERATE_SYMBOLS = NO;
				SWIFT_APPROACHABLE_CONCURRENCY = YES;
				SWIFT_EMIT_LOC_STRINGS = NO;
				SWIFT_UPCOMING_FEATURE_MEMBER_IMPORT_VISIBILITY = YES;
				SWIFT_VERSION = 5.0;
				TARGETED_DEVICE_FAMILY = "1,2";
				TEST_HOST = "$(BUILT_PRODUCTS_DIR)/Mileage Tracker.app/$(BUNDLE_EXECUTABLE_FOLDER_PATH)/Mileage Tracker";
			};
			name = Release;
		};
		8A511C9E2EA0162D0026FA6A /* Debug */ = {
			isa = XCBuildConfiguration;
			buildSettings = {
				CODE_SIGN_STYLE = Automatic;
				CURRENT_PROJECT_VERSION = 1;
				DEVELOPMENT_TEAM = 6Z7K2562FS;
				GENERATE_INFOPLIST_FILE = YES;
				MARKETING_VERSION = 1.0;
				PRODUCT_BUNDLE_IDENTIFIER = "com.mcalj.Mileage-TrackerUITests";
				PRODUCT_NAME = "$(TARGET_NAME)";
				STRING_CATALOG_GENERATE_SYMBOLS = NO;
				SWIFT_APPROACHABLE_CONCURRENCY = YES;
				SWIFT_EMIT_LOC_STRINGS = NO;
				SWIFT_UPCOMING_FEATURE_MEMBER_IMPORT_VISIBILITY = YES;
				SWIFT_VERSION = 5.0;
				TARGETED_DEVICE_FAMILY = "1,2";
				TEST_TARGET_NAME = "Mileage Tracker";
			};
			name = Debug;
		};
		8A511C9F2EA0162D0026FA6A /* Release */ = {
			isa = XCBuildConfiguration;
			buildSettings = {
				CODE_SIGN_STYLE = Automatic;
				CURRENT_PROJECT_VERSION = 1;
				DEVELOPMENT_TEAM = 6Z7K2562FS;
				GENERATE_INFOPLIST_FILE = YES;
				MARKETING_VERSION = 1.0;
				PRODUCT_BUNDLE_IDENTIFIER = "com.mcalj.Mileage-TrackerUITests";
				PRODUCT_NAME = "$(TARGET_NAME)";
				STRING_CATALOG_GENERATE_SYMBOLS = NO;
				SWIFT_APPROACHABLE_CONCURRENCY = YES;
				SWIFT_EMIT_LOC_STRINGS = NO;
				SWIFT_UPCOMING_FEATURE_MEMBER_IMPORT_VISIBILITY = YES;
				SWIFT_VERSION = 5.0;
				TARGETED_DEVICE_FAMILY = "1,2";
				TEST_TARGET_NAME = "Mileage Tracker";
			};
			name = Release;
		};
		8A511CF12EA179140026FA6A /* Debug */ = {
			isa = XCBuildConfiguration;
			buildSettings = {
				ASSETCATALOG_COMPILER_APPICON_NAME = AppIcon;
				ASSETCATALOG_COMPILER_GLOBAL_ACCENT_COLOR_NAME = AccentColor;
				CODE_SIGN_STYLE = Automatic;
				CURRENT_PROJECT_VERSION = 1;
				DEVELOPMENT_TEAM = 6Z7K2562FS;
				ENABLE_PREVIEWS = YES;
				GENERATE_INFOPLIST_FILE = YES;
				INFOPLIST_FILE = "MT-Watch-App-Info.plist";
				INFOPLIST_KEY_CFBundleDisplayName = MT;
				INFOPLIST_KEY_LSApplicationCategoryType = "";
				INFOPLIST_KEY_NSLocationWhenInUseUsageDescription = "Location is used to capture trip start and end for mileage.";
				INFOPLIST_KEY_UISupportedInterfaceOrientations = "UIInterfaceOrientationPortrait UIInterfaceOrientationPortraitUpsideDown";
				INFOPLIST_KEY_WKCompanionAppBundleIdentifier = "com.mcalj.Mileage-Tracker";
				LD_RUNPATH_SEARCH_PATHS = (
					"$(inherited)",
					"@executable_path/Frameworks",
				);
				MARKETING_VERSION = 1.0;
				PRODUCT_BUNDLE_IDENTIFIER = "com.mcalj.Mileage-Tracker.watchkitapp";
				PRODUCT_NAME = "$(TARGET_NAME)";
				SDKROOT = watchos;
				SKIP_INSTALL = YES;
				STRING_CATALOG_GENERATE_SYMBOLS = YES;
				SWIFT_APPROACHABLE_CONCURRENCY = YES;
				SWIFT_DEFAULT_ACTOR_ISOLATION = MainActor;
				SWIFT_EMIT_LOC_STRINGS = YES;
				SWIFT_UPCOMING_FEATURE_MEMBER_IMPORT_VISIBILITY = YES;
				SWIFT_VERSION = 5.0;
				TARGETED_DEVICE_FAMILY = 4;
				WATCHOS_DEPLOYMENT_TARGET = 26.0;
			};
			name = Debug;
		};
		8A511CF22EA179140026FA6A /* Release */ = {
			isa = XCBuildConfiguration;
			buildSettings = {
				ASSETCATALOG_COMPILER_APPICON_NAME = AppIcon;
				ASSETCATALOG_COMPILER_GLOBAL_ACCENT_COLOR_NAME = AccentColor;
				CODE_SIGN_STYLE = Automatic;
				CURRENT_PROJECT_VERSION = 1;
				DEVELOPMENT_TEAM = 6Z7K2562FS;
				ENABLE_PREVIEWS = YES;
				GENERATE_INFOPLIST_FILE = YES;
				INFOPLIST_FILE = "MT-Watch-App-Info.plist";
				INFOPLIST_KEY_CFBundleDisplayName = MT;
				INFOPLIST_KEY_LSApplicationCategoryType = "";
				INFOPLIST_KEY_NSLocationWhenInUseUsageDescription = "Location is used to capture trip start and end for mileage.";
				INFOPLIST_KEY_UISupportedInterfaceOrientations = "UIInterfaceOrientationPortrait UIInterfaceOrientationPortraitUpsideDown";
				INFOPLIST_KEY_WKCompanionAppBundleIdentifier = "com.mcalj.Mileage-Tracker";
				LD_RUNPATH_SEARCH_PATHS = (
					"$(inherited)",
					"@executable_path/Frameworks",
				);
				MARKETING_VERSION = 1.0;
				PRODUCT_BUNDLE_IDENTIFIER = "com.mcalj.Mileage-Tracker.watchkitapp";
				PRODUCT_NAME = "$(TARGET_NAME)";
				SDKROOT = watchos;
				SKIP_INSTALL = YES;
				STRING_CATALOG_GENERATE_SYMBOLS = YES;
				SWIFT_APPROACHABLE_CONCURRENCY = YES;
				SWIFT_DEFAULT_ACTOR_ISOLATION = MainActor;
				SWIFT_EMIT_LOC_STRINGS = YES;
				SWIFT_UPCOMING_FEATURE_MEMBER_IMPORT_VISIBILITY = YES;
				SWIFT_VERSION = 5.0;
				TARGETED_DEVICE_FAMILY = 4;
				WATCHOS_DEPLOYMENT_TARGET = 26.0;
			};
			name = Release;
		};
		8A511CF52EA179140026FA6A /* Debug */ = {
			isa = XCBuildConfiguration;
			buildSettings = {
				BUNDLE_LOADER = "$(TEST_HOST)";
				CODE_SIGN_STYLE = Automatic;
				CURRENT_PROJECT_VERSION = 1;
				DEVELOPMENT_TEAM = 6Z7K2562FS;
				GENERATE_INFOPLIST_FILE = YES;
				MARKETING_VERSION = 1.0;
				PRODUCT_BUNDLE_IDENTIFIER = "com.mcalj.MT-Watch-AppTests";
				PRODUCT_NAME = "$(TARGET_NAME)";
				SDKROOT = watchos;
				STRING_CATALOG_GENERATE_SYMBOLS = NO;
				SWIFT_APPROACHABLE_CONCURRENCY = YES;
				SWIFT_EMIT_LOC_STRINGS = NO;
				SWIFT_UPCOMING_FEATURE_MEMBER_IMPORT_VISIBILITY = YES;
				SWIFT_VERSION = 5.0;
				TARGETED_DEVICE_FAMILY = 4;
				TEST_HOST = "$(BUILT_PRODUCTS_DIR)/MT Watch App.app/$(BUNDLE_EXECUTABLE_FOLDER_PATH)/MT Watch App";
				WATCHOS_DEPLOYMENT_TARGET = 26.0;
			};
			name = Debug;
		};
		8A511CF62EA179140026FA6A /* Release */ = {
			isa = XCBuildConfiguration;
			buildSettings = {
				BUNDLE_LOADER = "$(TEST_HOST)";
				CODE_SIGN_STYLE = Automatic;
				CURRENT_PROJECT_VERSION = 1;
				DEVELOPMENT_TEAM = 6Z7K2562FS;
				GENERATE_INFOPLIST_FILE = YES;
				MARKETING_VERSION = 1.0;
				PRODUCT_BUNDLE_IDENTIFIER = "com.mcalj.MT-Watch-AppTests";
				PRODUCT_NAME = "$(TARGET_NAME)";
				SDKROOT = watchos;
				STRING_CATALOG_GENERATE_SYMBOLS = NO;
				SWIFT_APPROACHABLE_CONCURRENCY = YES;
				SWIFT_EMIT_LOC_STRINGS = NO;
				SWIFT_UPCOMING_FEATURE_MEMBER_IMPORT_VISIBILITY = YES;
				SWIFT_VERSION = 5.0;
				TARGETED_DEVICE_FAMILY = 4;
				TEST_HOST = "$(BUILT_PRODUCTS_DIR)/MT Watch App.app/$(BUNDLE_EXECUTABLE_FOLDER_PATH)/MT Watch App";
				WATCHOS_DEPLOYMENT_TARGET = 26.0;
			};
			name = Release;
		};
		8A511CF82EA179140026FA6A /* Debug */ = {
			isa = XCBuildConfiguration;
			buildSettings = {
				CODE_SIGN_STYLE = Automatic;
				CURRENT_PROJECT_VERSION = 1;
				DEVELOPMENT_TEAM = 6Z7K2562FS;
				GENERATE_INFOPLIST_FILE = YES;
				MARKETING_VERSION = 1.0;
				PRODUCT_BUNDLE_IDENTIFIER = "com.mcalj.MT-Watch-AppUITests";
				PRODUCT_NAME = "$(TARGET_NAME)";
				SDKROOT = watchos;
				STRING_CATALOG_GENERATE_SYMBOLS = NO;
				SWIFT_APPROACHABLE_CONCURRENCY = YES;
				SWIFT_EMIT_LOC_STRINGS = NO;
				SWIFT_UPCOMING_FEATURE_MEMBER_IMPORT_VISIBILITY = YES;
				SWIFT_VERSION = 5.0;
				TARGETED_DEVICE_FAMILY = 4;
				TEST_TARGET_NAME = "MT Watch App";
				WATCHOS_DEPLOYMENT_TARGET = 26.0;
			};
			name = Debug;
		};
		8A511CF92EA179140026FA6A /* Release */ = {
			isa = XCBuildConfiguration;
			buildSettings = {
				CODE_SIGN_STYLE = Automatic;
				CURRENT_PROJECT_VERSION = 1;
				DEVELOPMENT_TEAM = 6Z7K2562FS;
				GENERATE_INFOPLIST_FILE = YES;
				MARKETING_VERSION = 1.0;
				PRODUCT_BUNDLE_IDENTIFIER = "com.mcalj.MT-Watch-AppUITests";
				PRODUCT_NAME = "$(TARGET_NAME)";
				SDKROOT = watchos;
				STRING_CATALOG_GENERATE_SYMBOLS = NO;
				SWIFT_APPROACHABLE_CONCURRENCY = YES;
				SWIFT_EMIT_LOC_STRINGS = NO;
				SWIFT_UPCOMING_FEATURE_MEMBER_IMPORT_VISIBILITY = YES;
				SWIFT_VERSION = 5.0;
				TARGETED_DEVICE_FAMILY = 4;
				TEST_TARGET_NAME = "MT Watch App";
				WATCHOS_DEPLOYMENT_TARGET = 26.0;
			};
			name = Release;
		};
/* End XCBuildConfiguration section */

/* Begin XCConfigurationList section */
		8A511C712EA0162C0026FA6A /* Build configuration list for PBXProject "Mileage Tracker" */ = {
			isa = XCConfigurationList;
			buildConfigurations = (
				8A511C952EA0162D0026FA6A /* Debug */,
				8A511C962EA0162D0026FA6A /* Release */,
			);
			defaultConfigurationIsVisible = 0;
			defaultConfigurationName = Release;
		};
		8A511C972EA0162D0026FA6A /* Build configuration list for PBXNativeTarget "Mileage Tracker" */ = {
			isa = XCConfigurationList;
			buildConfigurations = (
				8A511C982EA0162D0026FA6A /* Debug */,
				8A511C992EA0162D0026FA6A /* Release */,
			);
			defaultConfigurationIsVisible = 0;
			defaultConfigurationName = Release;
		};
		8A511C9A2EA0162D0026FA6A /* Build configuration list for PBXNativeTarget "Mileage TrackerTests" */ = {
			isa = XCConfigurationList;
			buildConfigurations = (
				8A511C9B2EA0162D0026FA6A /* Debug */,
				8A511C9C2EA0162D0026FA6A /* Release */,
			);
			defaultConfigurationIsVisible = 0;
			defaultConfigurationName = Release;
		};
		8A511C9D2EA0162D0026FA6A /* Build configuration list for PBXNativeTarget "Mileage TrackerUITests" */ = {
			isa = XCConfigurationList;
			buildConfigurations = (
				8A511C9E2EA0162D0026FA6A /* Debug */,
				8A511C9F2EA0162D0026FA6A /* Release */,
			);
			defaultConfigurationIsVisible = 0;
			defaultConfigurationName = Release;
		};
		8A511CF02EA179140026FA6A /* Build configuration list for PBXNativeTarget "MT Watch App" */ = {
			isa = XCConfigurationList;
			buildConfigurations = (
				8A511CF12EA179140026FA6A /* Debug */,
				8A511CF22EA179140026FA6A /* Release */,
			);
			defaultConfigurationIsVisible = 0;
			defaultConfigurationName = Release;
		};
		8A511CF42EA179140026FA6A /* Build configuration list for PBXNativeTarget "MT Watch AppTests" */ = {
			isa = XCConfigurationList;
			buildConfigurations = (
				8A511CF52EA179140026FA6A /* Debug */,
				8A511CF62EA179140026FA6A /* Release */,
			);
			defaultConfigurationIsVisible = 0;
			defaultConfigurationName = Release;
		};
		8A511CF72EA179140026FA6A /* Build configuration list for PBXNativeTarget "MT Watch AppUITests" */ = {
			isa = XCConfigurationList;
			buildConfigurations = (
				8A511CF82EA179140026FA6A /* Debug */,
				8A511CF92EA179140026FA6A /* Release */,
			);
			defaultConfigurationIsVisible = 0;
			defaultConfigurationName = Release;
		};
/* End XCConfigurationList section */
	};
	rootObject = 8A511C6E2EA0162C0026FA6A /* Project object */;
}
